
Microsoft Visual Studio Solution File, Format Version 12.00
# Visual Studio Version 17
VisualStudioVersion = 17.9.34616.47
MinimumVisualStudioVersion = 10.0.40219.1
Project("{9A19103F-16F7-4668-BE54-9A1E7A4F7556}") = "InsuranceClaim.Server", "InsuranceClaim.Server\InsuranceClaim.Server.csproj", "{3AFC8082-5368-430B-9682-C67681F7E7F6}"
EndProject
Project("{9A19103F-16F7-4668-BE54-9A1E7A4F7556}") = "InsuranceClaim.ClientBlazor", "InsuranceClaim.ClientBlazor\InsuranceClaim.ClientBlazor.csproj", "{9A32375A-9C57-4653-9F84-7A9103F005CA}"
EndProject
Project("{FAE04EC0-301F-11D3-BF4B-00C04F79EFBC}") = "InsuranceClaim.TestAPI", "InsuranceClaim.TestAPI\InsuranceClaim.TestAPI.csproj", "{70D6F807-8EDC-4927-9B06-2046C2F2E043}"
EndProject
Global
	GlobalSection(SolutionConfigurationPlatforms) = preSolution
		Debug|Any CPU = Debug|Any CPU
		Release|Any CPU = Release|Any CPU
	EndGlobalSection
	GlobalSection(ProjectConfigurationPlatforms) = postSolution
		{3AFC8082-5368-430B-9682-C67681F7E7F6}.Debug|Any CPU.ActiveCfg = Debug|Any CPU
		{3AFC8082-5368-430B-9682-C67681F7E7F6}.Debug|Any CPU.Build.0 = Debug|Any CPU
		{3AFC8082-5368-430B-9682-C67681F7E7F6}.Release|Any CPU.ActiveCfg = Release|Any CPU
		{3AFC8082-5368-430B-9682-C67681F7E7F6}.Release|Any CPU.Build.0 = Release|Any CPU
		{9A32375A-9C57-4653-9F84-7A9103F005CA}.Debug|Any CPU.ActiveCfg = Debug|Any CPU
		{9A32375A-9C57-4653-9F84-7A9103F005CA}.Debug|Any CPU.Build.0 = Debug|Any CPU
		{9A32375A-9C57-4653-9F84-7A9103F005CA}.Release|Any CPU.ActiveCfg = Release|Any CPU
		{9A32375A-9C57-4653-9F84-7A9103F005CA}.Release|Any CPU.Build.0 = Release|Any CPU
		{70D6F807-8EDC-4927-9B06-2046C2F2E043}.Debug|Any CPU.ActiveCfg = Debug|Any CPU
		{70D6F807-8EDC-4927-9B06-2046C2F2E043}.Debug|Any CPU.Build.0 = Debug|Any CPU
		{70D6F807-8EDC-4927-9B06-2046C2F2E043}.Release|Any CPU.ActiveCfg = Release|Any CPU
		{70D6F807-8EDC-4927-9B06-2046C2F2E043}.Release|Any CPU.Build.0 = Release|Any CPU
	EndGlobalSection
	GlobalSection(SolutionProperties) = preSolution
		HideSolutionNode = FALSE
	EndGlobalSection
	GlobalSection(ExtensibilityGlobals) = postSolution
		SolutionGuid = {995422CB-4D82-4A07-B615-5C3E1DF07D7E}
	EndGlobalSection
EndGlobal
